# THIS IS AN AUTOGENERATED FILE. DO NOT EDIT THIS FILE DIRECTLY.
# yarn lockfile v1


"@bufbuild/protobuf@^1.1.1":
  version "1.1.1"
  resolved "https://registry.yarnpkg.com/@bufbuild/protobuf/-/protobuf-1.1.1.tgz#ed2a8d25975ccc405393c96aaf707c1897e249d3"
  integrity sha512-1dS2m3jabfW2XL2K6//41wZkO4XJOZtpe0bKLuta0BvK5LxNRyUBSSN5835n3bIFiNJKFWhDnzZEMrV7QVGFfQ==
